
Microsoft Visual Studio Solution File, Format Version 12.00
# Visual Studio Version 16
VisualStudioVersion = 16.0.30225.117
MinimumVisualStudioVersion = 10.0.40219.1
Project("{8BC9CEB8-8B4A-11D0-8D11-00A0C91BC942}") = "lab_crypto", "lab_crypto\lab_crypto.vcxproj", "{09769A9B-2512-4672-87FB-D1058C6D0FDB}"
EndProject
Global
	GlobalSection(SolutionConfigurationPlatforms) = preSolution
		Debug|x64 = Debug|x64
		Debug|x86 = Debug|x86
		Release|x64 = Release|x64
		Release|x86 = Release|x86
	EndGlobalSection
	GlobalSection(ProjectConfigurationPlatforms) = postSolution
		{09769A9B-2512-4672-87FB-D1058C6D0FDB}.Debug|x64.ActiveCfg = Debug|x64
		{09769A9B-2512-4672-87FB-D1058C6D0FDB}.Debug|x64.Build.0 = Debug|x64
		{09769A9B-2512-4672-87FB-D1058C6D0FDB}.Debug|x86.ActiveCfg = Debug|Win32
		{09769A9B-2512-4672-87FB-D1058C6D0FDB}.Debug|x86.Build.0 = Debug|Win32
		{09769A9B-2512-4672-87FB-D1058C6D0FDB}.Release|x64.ActiveCfg = Release|x64
		{09769A9B-2512-4672-87FB-D1058C6D0FDB}.Release|x64.Build.0 = Release|x64
		{09769A9B-2512-4672-87FB-D1058C6D0FDB}.Release|x86.ActiveCfg = Release|Win32
		{09769A9B-2512-4672-87FB-D1058C6D0FDB}.Release|x86.Build.0 = Release|Win32
	EndGlobalSection
	GlobalSection(SolutionProperties) = preSolution
		HideSolutionNode = FALSE
	EndGlobalSection
	GlobalSection(ExtensibilityGlobals) = postSolution
		SolutionGuid = {FF772F60-90E2-4B6A-924A-73E3F88B4276}
	EndGlobalSection
EndGlobal
